// !$*UTF8*$!
{
	archiveVersion = 1;
	classes = {
	};
	objectVersion = 77;
	objects = {

/* Begin PBXFileReference section */
		5750958930198E3800A97DA6 /* CNAME */ = {isa = PBXFileReference; lastKnownFileType = text; path = CNAME; sourceTree = "<group>"; };
		5750958A30198E3800A97DA6 /* index.html */ = {isa = PBXFileReference; lastKnownFileType = text.html; path = index.html; sourceTree = "<group>"; };
		5750958B30198E3800A97DA6 /* manifest.json */ = {isa = PBXFileReference; lastKnownFileType = text.json; path = manifest.json; sourceTree = "<group>"; };
		5750958C30198E3800A97DA6 /* prueba.html */ = {isa = PBXFileReference; lastKnownFileType = text.html; path = prueba.html; sourceTree = "<group>"; };
		5750958D30198E3800A97DA6 /* README.md */ = {isa = PBXFileReference; lastKnownFileType = net.daringfireball.markdown; path = README.md; sourceTree = "<group>"; };
		5750978130198E3800A97DA6 /* yandex_c68591104eff7335.html */ = {isa = PBXFileReference; lastKnownFileType = text.html; path = yandex_c68591104eff7335.html; sourceTree = "<group>"; };
/* End PBXFileReference section */

/* Begin PBXFileSystemSynchronizedRootGroup section */
		5750959630198E3800A97DA6 /* Secciones */ = {
			isa = PBXFileSystemSynchronizedRootGroup;
			path = Secciones;
			sourceTree = "<group>";
		};
		5750975930198E3800A97DA6 /* src */ = {
			isa = PBXFileSystemSynchronizedRootGroup;
			path = src;
			sourceTree = "<group>";
		};
		5750978030198E3800A97DA6 /* ui */ = {
			isa = PBXFileSystemSynchronizedRootGroup;
			path = ui;
			sourceTree = "<group>";
		};
/* End PBXFileSystemSynchronizedRootGroup section */

/* Begin PBXGroup section */
		5750958230198D1D00A97DA6 = {
			isa = PBXGroup;
			children = (
				5750958930198E3800A97DA6 /* CNAME */,
				5750958A30198E3800A97DA6 /* index.html */,
				5750958B30198E3800A97DA6 /* manifest.json */,
				5750958C30198E3800A97DA6 /* prueba.html */,
				5750958D30198E3800A97DA6 /* README.md */,
				5750959630198E3800A97DA6 /* Secciones */,
				5750975930198E3800A97DA6 /* src */,
				5750978030198E3800A97DA6 /* ui */,
				5750978130198E3800A97DA6 /* yandex_c68591104eff7335.html */,
			);
			sourceTree = "<group>";
		};
/* End PBXGroup section */

/* Begin PBXProject section */
		5750958330198D1D00A97DA6 /* Project object */ = {
			isa = PBXProject;
			attributes = {
				BuildIndependentTargetsInParallel = 1;
				LastUpgradeCheck = 2630;
			};
			buildConfigurationList = 5750958630198D1D00A97DA6 /* Build configuration list for PBXProject "ChristianDeathWebsite" */;
			developmentRegion = en;
			hasScannedForEncodings = 0;
			knownRegions = (
				en,
				Base,
			);
			mainGroup = 5750958230198D1D00A97DA6;
			minimizedProjectReferenceProxies = 1;
			preferredProjectObjectVersion = 77;
			projectDirPath = "";
			projectRoot = "";
			targets = (
			);
		};
/* End PBXProject section */

/* Begin XCBuildConfiguration section */
		5750958730198D1E00A97DA6 /* Debug */ = {
			isa = XCBuildConfiguration;
			buildSettings = {
			};
			name = Debug;
		};
		5750958830198D1E00A97DA6 /* Release */ = {
			isa = XCBuildConfiguration;
			buildSettings = {
			};
			name = Release;
		};
/* End XCBuildConfiguration section */

/* Begin XCConfigurationList section */
		5750958630198D1D00A97DA6 /* Build configuration list for PBXProject "ChristianDeathWebsite" */ = {
			isa = XCConfigurationList;
			buildConfigurations = (
				5750958730198D1E00A97DA6 /* Debug */,
				5750958830198D1E00A97DA6 /* Release */,
			);
			defaultConfigurationIsVisible = 0;
			defaultConfigurationName = Release;
		};
/* End XCConfigurationList section */
	};
	rootObject = 5750958330198D1D00A97DA6 /* Project object */;
}
