// !$*UTF8*$!
{
	archiveVersion = 1;
	classes = {
	};
	objectVersion = 77;
	objects = {

/* Begin PBXFileReference section */
		570A9399304917C8009B457A /* .gitignore */ = {isa = PBXFileReference; lastKnownFileType = text; path = .gitignore; sourceTree = "<group>"; };
		570A939A304917C8009B457A /* CNAME */ = {isa = PBXFileReference; lastKnownFileType = text; path = CNAME; sourceTree = "<group>"; };
		570A939B304917C8009B457A /* index.html */ = {isa = PBXFileReference; lastKnownFileType = text.html; path = index.html; sourceTree = "<group>"; };
		570A939C304917C8009B457A /* manifest.json */ = {isa = PBXFileReference; lastKnownFileType = text.json; path = manifest.json; sourceTree = "<group>"; };
		570A939D304917C8009B457A /* prueba.html */ = {isa = PBXFileReference; lastKnownFileType = text.html; path = prueba.html; sourceTree = "<group>"; };
		570A939E304917C8009B457A /* README.md */ = {isa = PBXFileReference; lastKnownFileType = net.daringfireball.markdown; path = README.md; sourceTree = "<group>"; };
		570A9592304917C8009B457A /* yandex_c68591104eff7335.html */ = {isa = PBXFileReference; lastKnownFileType = text.html; path = yandex_c68591104eff7335.html; sourceTree = "<group>"; };
/* End PBXFileReference section */

/* Begin PBXFileSystemSynchronizedRootGroup section */
		570A93A7304917C8009B457A /* Secciones */ = {
			isa = PBXFileSystemSynchronizedRootGroup;
			path = Secciones;
			sourceTree = "<group>";
		};
		570A956A304917C8009B457A /* src */ = {
			isa = PBXFileSystemSynchronizedRootGroup;
			path = src;
			sourceTree = "<group>";
		};
		570A9591304917C8009B457A /* ui */ = {
			isa = PBXFileSystemSynchronizedRootGroup;
			path = ui;
			sourceTree = "<group>";
		};
/* End PBXFileSystemSynchronizedRootGroup section */

/* Begin PBXGroup section */
		570A939230491655009B457A = {
			isa = PBXGroup;
			children = (
				570A9399304917C8009B457A /* .gitignore */,
				570A939A304917C8009B457A /* CNAME */,
				570A939B304917C8009B457A /* index.html */,
				570A939C304917C8009B457A /* manifest.json */,
				570A939D304917C8009B457A /* prueba.html */,
				570A939E304917C8009B457A /* README.md */,
				570A93A7304917C8009B457A /* Secciones */,
				570A956A304917C8009B457A /* src */,
				570A9591304917C8009B457A /* ui */,
				570A9592304917C8009B457A /* yandex_c68591104eff7335.html */,
			);
			sourceTree = "<group>";
		};
/* End PBXGroup section */

/* Begin PBXProject section */
		570A939330491655009B457A /* Project object */ = {
			isa = PBXProject;
			attributes = {
				BuildIndependentTargetsInParallel = 1;
				LastUpgradeCheck = 2630;
			};
			buildConfigurationList = 570A939630491655009B457A /* Build configuration list for PBXProject "ChristianDeathWebsite" */;
			developmentRegion = en;
			hasScannedForEncodings = 0;
			knownRegions = (
				en,
				Base,
			);
			mainGroup = 570A939230491655009B457A;
			minimizedProjectReferenceProxies = 1;
			preferredProjectObjectVersion = 77;
			projectDirPath = "";
			projectRoot = "";
			targets = (
			);
		};
/* End PBXProject section */

/* Begin XCBuildConfiguration section */
		570A939730491655009B457A /* Debug */ = {
			isa = XCBuildConfiguration;
			buildSettings = {
				DEVELOPMENT_TEAM = DYKSS8798T;
			};
			name = Debug;
		};
		570A939830491655009B457A /* Release */ = {
			isa = XCBuildConfiguration;
			buildSettings = {
				DEVELOPMENT_TEAM = DYKSS8798T;
			};
			name = Release;
		};
/* End XCBuildConfiguration section */

/* Begin XCConfigurationList section */
		570A939630491655009B457A /* Build configuration list for PBXProject "ChristianDeathWebsite" */ = {
			isa = XCConfigurationList;
			buildConfigurations = (
				570A939730491655009B457A /* Debug */,
				570A939830491655009B457A /* Release */,
			);
			defaultConfigurationIsVisible = 0;
			defaultConfigurationName = Release;
		};
/* End XCConfigurationList section */
	};
	rootObject = 570A939330491655009B457A /* Project object */;
}
